
Microsoft Visual Studio Solution File, Format Version 12.00
# Visual Studio Version 16
VisualStudioVersion = 16.0.31729.503
MinimumVisualStudioVersion = 10.0.40219.1
Project("{9A19103F-16F7-4668-BE54-9A1E7A4F7556}") = "eBiblioteka", "eBiblioteka\eBiblioteka.csproj", "{F83B068F-F895-4428-9478-64371C7BAAC7}"
EndProject
Project("{FAE04EC0-301F-11D3-BF4B-00C04F79EFBC}") = "eBiblioteka.WinUI", "eBiblioteka.WinUI\eBiblioteka.WinUI.csproj", "{D0D3EA62-7208-4689-89FA-B1012489BFC8}"
EndProject
Project("{FAE04EC0-301F-11D3-BF4B-00C04F79EFBC}") = "eBiblioteka.Mobile.UWP", "eBiblioteka.Mobile\eBiblioteka.Mobile.UWP\eBiblioteka.Mobile.UWP.csproj", "{A91549D2-C8E1-4EAB-82A8-D2C7510EA2FA}"
EndProject
Project("{FAE04EC0-301F-11D3-BF4B-00C04F79EFBC}") = "eBiblioteka.Mobile.Android", "eBiblioteka.Mobile\eBiblioteka.Mobile.Android\eBiblioteka.Mobile.Android.csproj", "{3E564DCD-1CC8-47E8-95DA-0AE1C6F507A6}"
EndProject
Project("{9A19103F-16F7-4668-BE54-9A1E7A4F7556}") = "eBiblioteka.Mobile", "eBiblioteka.Mobile\eBiblioteka.Mobile\eBiblioteka.Mobile.csproj", "{3CAC1156-6196-4C38-B82B-52DAD473782A}"
EndProject
Project("{FAE04EC0-301F-11D3-BF4B-00C04F79EFBC}") = "eBiblioteka.Model", "eBiblioteka.Model\eBiblioteka.Model.csproj", "{880C1BC7-C910-4FB0-9494-B0B21CC26A79}"
EndProject
Global
	GlobalSection(SolutionConfigurationPlatforms) = preSolution
		Debug|Any CPU = Debug|Any CPU
		Debug|ARM = Debug|ARM
		Debug|x64 = Debug|x64
		Debug|x86 = Debug|x86
		Release|Any CPU = Release|Any CPU
		Release|ARM = Release|ARM
		Release|x64 = Release|x64
		Release|x86 = Release|x86
	EndGlobalSection
	GlobalSection(ProjectConfigurationPlatforms) = postSolution
		{F83B068F-F895-4428-9478-64371C7BAAC7}.Debug|Any CPU.ActiveCfg = Debug|Any CPU
		{F83B068F-F895-4428-9478-64371C7BAAC7}.Debug|Any CPU.Build.0 = Debug|Any CPU
		{F83B068F-F895-4428-9478-64371C7BAAC7}.Debug|ARM.ActiveCfg = Debug|Any CPU
		{F83B068F-F895-4428-9478-64371C7BAAC7}.Debug|ARM.Build.0 = Debug|Any CPU
		{F83B068F-F895-4428-9478-64371C7BAAC7}.Debug|x64.ActiveCfg = Debug|Any CPU
		{F83B068F-F895-4428-9478-64371C7BAAC7}.Debug|x64.Build.0 = Debug|Any CPU
		{F83B068F-F895-4428-9478-64371C7BAAC7}.Debug|x86.ActiveCfg = Debug|Any CPU
		{F83B068F-F895-4428-9478-64371C7BAAC7}.Debug|x86.Build.0 = Debug|Any CPU
		{F83B068F-F895-4428-9478-64371C7BAAC7}.Release|Any CPU.ActiveCfg = Release|Any CPU
		{F83B068F-F895-4428-9478-64371C7BAAC7}.Release|Any CPU.Build.0 = Release|Any CPU
		{F83B068F-F895-4428-9478-64371C7BAAC7}.Release|ARM.ActiveCfg = Release|Any CPU
		{F83B068F-F895-4428-9478-64371C7BAAC7}.Release|ARM.Build.0 = Release|Any CPU
		{F83B068F-F895-4428-9478-64371C7BAAC7}.Release|x64.ActiveCfg = Release|Any CPU
		{F83B068F-F895-4428-9478-64371C7BAAC7}.Release|x64.Build.0 = Release|Any CPU
		{F83B068F-F895-4428-9478-64371C7BAAC7}.Release|x86.ActiveCfg = Release|Any CPU
		{F83B068F-F895-4428-9478-64371C7BAAC7}.Release|x86.Build.0 = Release|Any CPU
		{D0D3EA62-7208-4689-89FA-B1012489BFC8}.Debug|Any CPU.ActiveCfg = Debug|Any CPU
		{D0D3EA62-7208-4689-89FA-B1012489BFC8}.Debug|Any CPU.Build.0 = Debug|Any CPU
		{D0D3EA62-7208-4689-89FA-B1012489BFC8}.Debug|ARM.ActiveCfg = Debug|Any CPU
		{D0D3EA62-7208-4689-89FA-B1012489BFC8}.Debug|ARM.Build.0 = Debug|Any CPU
		{D0D3EA62-7208-4689-89FA-B1012489BFC8}.Debug|x64.ActiveCfg = Debug|Any CPU
		{D0D3EA62-7208-4689-89FA-B1012489BFC8}.Debug|x64.Build.0 = Debug|Any CPU
		{D0D3EA62-7208-4689-89FA-B1012489BFC8}.Debug|x86.ActiveCfg = Debug|Any CPU
		{D0D3EA62-7208-4689-89FA-B1012489BFC8}.Debug|x86.Build.0 = Debug|Any CPU
		{D0D3EA62-7208-4689-89FA-B1012489BFC8}.Release|Any CPU.ActiveCfg = Release|Any CPU
		{D0D3EA62-7208-4689-89FA-B1012489BFC8}.Release|Any CPU.Build.0 = Release|Any CPU
		{D0D3EA62-7208-4689-89FA-B1012489BFC8}.Release|ARM.ActiveCfg = Release|Any CPU
		{D0D3EA62-7208-4689-89FA-B1012489BFC8}.Release|ARM.Build.0 = Release|Any CPU
		{D0D3EA62-7208-4689-89FA-B1012489BFC8}.Release|x64.ActiveCfg = Release|Any CPU
		{D0D3EA62-7208-4689-89FA-B1012489BFC8}.Release|x64.Build.0 = Release|Any CPU
		{D0D3EA62-7208-4689-89FA-B1012489BFC8}.Release|x86.ActiveCfg = Release|Any CPU
		{D0D3EA62-7208-4689-89FA-B1012489BFC8}.Release|x86.Build.0 = Release|Any CPU
		{A91549D2-C8E1-4EAB-82A8-D2C7510EA2FA}.Debug|Any CPU.ActiveCfg = Debug|x86
		{A91549D2-C8E1-4EAB-82A8-D2C7510EA2FA}.Debug|Any CPU.Build.0 = Debug|x86
		{A91549D2-C8E1-4EAB-82A8-D2C7510EA2FA}.Debug|Any CPU.Deploy.0 = Debug|x86
		{A91549D2-C8E1-4EAB-82A8-D2C7510EA2FA}.Debug|ARM.ActiveCfg = Debug|ARM
		{A91549D2-C8E1-4EAB-82A8-D2C7510EA2FA}.Debug|ARM.Build.0 = Debug|ARM
		{A91549D2-C8E1-4EAB-82A8-D2C7510EA2FA}.Debug|ARM.Deploy.0 = Debug|ARM
		{A91549D2-C8E1-4EAB-82A8-D2C7510EA2FA}.Debug|x64.ActiveCfg = Debug|x64
		{A91549D2-C8E1-4EAB-82A8-D2C7510EA2FA}.Debug|x64.Build.0 = Debug|x64
		{A91549D2-C8E1-4EAB-82A8-D2C7510EA2FA}.Debug|x64.Deploy.0 = Debug|x64
		{A91549D2-C8E1-4EAB-82A8-D2C7510EA2FA}.Debug|x86.ActiveCfg = Debug|x86
		{A91549D2-C8E1-4EAB-82A8-D2C7510EA2FA}.Debug|x86.Build.0 = Debug|x86
		{A91549D2-C8E1-4EAB-82A8-D2C7510EA2FA}.Debug|x86.Deploy.0 = Debug|x86
		{A91549D2-C8E1-4EAB-82A8-D2C7510EA2FA}.Release|Any CPU.ActiveCfg = Release|x86
		{A91549D2-C8E1-4EAB-82A8-D2C7510EA2FA}.Release|ARM.ActiveCfg = Release|ARM
		{A91549D2-C8E1-4EAB-82A8-D2C7510EA2FA}.Release|ARM.Build.0 = Release|ARM
		{A91549D2-C8E1-4EAB-82A8-D2C7510EA2FA}.Release|ARM.Deploy.0 = Release|ARM
		{A91549D2-C8E1-4EAB-82A8-D2C7510EA2FA}.Release|x64.ActiveCfg = Release|x64
		{A91549D2-C8E1-4EAB-82A8-D2C7510EA2FA}.Release|x64.Build.0 = Release|x64
		{A91549D2-C8E1-4EAB-82A8-D2C7510EA2FA}.Release|x64.Deploy.0 = Release|x64
		{A91549D2-C8E1-4EAB-82A8-D2C7510EA2FA}.Release|x86.ActiveCfg = Release|x86
		{A91549D2-C8E1-4EAB-82A8-D2C7510EA2FA}.Release|x86.Build.0 = Release|x86
		{A91549D2-C8E1-4EAB-82A8-D2C7510EA2FA}.Release|x86.Deploy.0 = Release|x86
		{3E564DCD-1CC8-47E8-95DA-0AE1C6F507A6}.Debug|Any CPU.ActiveCfg = Debug|Any CPU
		{3E564DCD-1CC8-47E8-95DA-0AE1C6F507A6}.Debug|ARM.ActiveCfg = Debug|Any CPU
		{3E564DCD-1CC8-47E8-95DA-0AE1C6F507A6}.Debug|ARM.Build.0 = Debug|Any CPU
		{3E564DCD-1CC8-47E8-95DA-0AE1C6F507A6}.Debug|ARM.Deploy.0 = Debug|Any CPU
		{3E564DCD-1CC8-47E8-95DA-0AE1C6F507A6}.Debug|x64.ActiveCfg = Debug|Any CPU
		{3E564DCD-1CC8-47E8-95DA-0AE1C6F507A6}.Debug|x64.Build.0 = Debug|Any CPU
		{3E564DCD-1CC8-47E8-95DA-0AE1C6F507A6}.Debug|x64.Deploy.0 = Debug|Any CPU
		{3E564DCD-1CC8-47E8-95DA-0AE1C6F507A6}.Debug|x86.ActiveCfg = Debug|Any CPU
		{3E564DCD-1CC8-47E8-95DA-0AE1C6F507A6}.Debug|x86.Build.0 = Debug|Any CPU
		{3E564DCD-1CC8-47E8-95DA-0AE1C6F507A6}.Debug|x86.Deploy.0 = Debug|Any CPU
		{3E564DCD-1CC8-47E8-95DA-0AE1C6F507A6}.Release|Any CPU.ActiveCfg = Release|Any CPU
		{3E564DCD-1CC8-47E8-95DA-0AE1C6F507A6}.Release|Any CPU.Build.0 = Release|Any CPU
		{3E564DCD-1CC8-47E8-95DA-0AE1C6F507A6}.Release|Any CPU.Deploy.0 = Release|Any CPU
		{3E564DCD-1CC8-47E8-95DA-0AE1C6F507A6}.Release|ARM.ActiveCfg = Release|Any CPU
		{3E564DCD-1CC8-47E8-95DA-0AE1C6F507A6}.Release|ARM.Build.0 = Release|Any CPU
		{3E564DCD-1CC8-47E8-95DA-0AE1C6F507A6}.Release|ARM.Deploy.0 = Release|Any CPU
		{3E564DCD-1CC8-47E8-95DA-0AE1C6F507A6}.Release|x64.ActiveCfg = Release|Any CPU
		{3E564DCD-1CC8-47E8-95DA-0AE1C6F507A6}.Release|x64.Build.0 = Release|Any CPU
		{3E564DCD-1CC8-47E8-95DA-0AE1C6F507A6}.Release|x64.Deploy.0 = Release|Any CPU
		{3E564DCD-1CC8-47E8-95DA-0AE1C6F507A6}.Release|x86.ActiveCfg = Release|Any CPU
		{3E564DCD-1CC8-47E8-95DA-0AE1C6F507A6}.Release|x86.Build.0 = Release|Any CPU
		{3E564DCD-1CC8-47E8-95DA-0AE1C6F507A6}.Release|x86.Deploy.0 = Release|Any CPU
		{3CAC1156-6196-4C38-B82B-52DAD473782A}.Debug|Any CPU.ActiveCfg = Debug|Any CPU
		{3CAC1156-6196-4C38-B82B-52DAD473782A}.Debug|Any CPU.Build.0 = Debug|Any CPU
		{3CAC1156-6196-4C38-B82B-52DAD473782A}.Debug|ARM.ActiveCfg = Debug|Any CPU
		{3CAC1156-6196-4C38-B82B-52DAD473782A}.Debug|ARM.Build.0 = Debug|Any CPU
		{3CAC1156-6196-4C38-B82B-52DAD473782A}.Debug|x64.ActiveCfg = Debug|Any CPU
		{3CAC1156-6196-4C38-B82B-52DAD473782A}.Debug|x64.Build.0 = Debug|Any CPU
		{3CAC1156-6196-4C38-B82B-52DAD473782A}.Debug|x86.ActiveCfg = Debug|Any CPU
		{3CAC1156-6196-4C38-B82B-52DAD473782A}.Debug|x86.Build.0 = Debug|Any CPU
		{3CAC1156-6196-4C38-B82B-52DAD473782A}.Release|Any CPU.ActiveCfg = Release|Any CPU
		{3CAC1156-6196-4C38-B82B-52DAD473782A}.Release|Any CPU.Build.0 = Release|Any CPU
		{3CAC1156-6196-4C38-B82B-52DAD473782A}.Release|ARM.ActiveCfg = Release|Any CPU
		{3CAC1156-6196-4C38-B82B-52DAD473782A}.Release|ARM.Build.0 = Release|Any CPU
		{3CAC1156-6196-4C38-B82B-52DAD473782A}.Release|x64.ActiveCfg = Release|Any CPU
		{3CAC1156-6196-4C38-B82B-52DAD473782A}.Release|x64.Build.0 = Release|Any CPU
		{3CAC1156-6196-4C38-B82B-52DAD473782A}.Release|x86.ActiveCfg = Release|Any CPU
		{3CAC1156-6196-4C38-B82B-52DAD473782A}.Release|x86.Build.0 = Release|Any CPU
		{880C1BC7-C910-4FB0-9494-B0B21CC26A79}.Debug|Any CPU.ActiveCfg = Debug|Any CPU
		{880C1BC7-C910-4FB0-9494-B0B21CC26A79}.Debug|Any CPU.Build.0 = Debug|Any CPU
		{880C1BC7-C910-4FB0-9494-B0B21CC26A79}.Debug|ARM.ActiveCfg = Debug|Any CPU
		{880C1BC7-C910-4FB0-9494-B0B21CC26A79}.Debug|ARM.Build.0 = Debug|Any CPU
		{880C1BC7-C910-4FB0-9494-B0B21CC26A79}.Debug|x64.ActiveCfg = Debug|Any CPU
		{880C1BC7-C910-4FB0-9494-B0B21CC26A79}.Debug|x64.Build.0 = Debug|Any CPU
		{880C1BC7-C910-4FB0-9494-B0B21CC26A79}.Debug|x86.ActiveCfg = Debug|Any CPU
		{880C1BC7-C910-4FB0-9494-B0B21CC26A79}.Debug|x86.Build.0 = Debug|Any CPU
		{880C1BC7-C910-4FB0-9494-B0B21CC26A79}.Release|Any CPU.ActiveCfg = Release|Any CPU
		{880C1BC7-C910-4FB0-9494-B0B21CC26A79}.Release|Any CPU.Build.0 = Release|Any CPU
		{880C1BC7-C910-4FB0-9494-B0B21CC26A79}.Release|ARM.ActiveCfg = Release|Any CPU
		{880C1BC7-C910-4FB0-9494-B0B21CC26A79}.Release|ARM.Build.0 = Release|Any CPU
		{880C1BC7-C910-4FB0-9494-B0B21CC26A79}.Release|x64.ActiveCfg = Release|Any CPU
		{880C1BC7-C910-4FB0-9494-B0B21CC26A79}.Release|x64.Build.0 = Release|Any CPU
		{880C1BC7-C910-4FB0-9494-B0B21CC26A79}.Release|x86.ActiveCfg = Release|Any CPU
		{880C1BC7-C910-4FB0-9494-B0B21CC26A79}.Release|x86.Build.0 = Release|Any CPU
	EndGlobalSection
	GlobalSection(SolutionProperties) = preSolution
		HideSolutionNode = FALSE
	EndGlobalSection
	GlobalSection(ExtensibilityGlobals) = postSolution
		SolutionGuid = {C8DB94DD-5C08-46A5-940E-6EEC7825C52A}
	EndGlobalSection
EndGlobal
