
Microsoft Visual Studio Solution File, Format Version 12.00
# Visual Studio Version 16
VisualStudioVersion = 16.0.31729.503
MinimumVisualStudioVersion = 10.0.40219.1
Project("{FAE04EC0-301F-11D3-BF4B-00C04F79EFBC}") = "eBiblioteka", "eBiblioteka\eBiblioteka.csproj", "{F83B068F-F895-4428-9478-64371C7BAAC7}"
EndProject
Global
	GlobalSection(SolutionConfigurationPlatforms) = preSolution
		Debug|Any CPU = Debug|Any CPU
		Release|Any CPU = Release|Any CPU
	EndGlobalSection
	GlobalSection(ProjectConfigurationPlatforms) = postSolution
		{F83B068F-F895-4428-9478-64371C7BAAC7}.Debug|Any CPU.ActiveCfg = Debug|Any CPU
		{F83B068F-F895-4428-9478-64371C7BAAC7}.Debug|Any CPU.Build.0 = Debug|Any CPU
		{F83B068F-F895-4428-9478-64371C7BAAC7}.Release|Any CPU.ActiveCfg = Release|Any CPU
		{F83B068F-F895-4428-9478-64371C7BAAC7}.Release|Any CPU.Build.0 = Release|Any CPU
	EndGlobalSection
	GlobalSection(SolutionProperties) = preSolution
		HideSolutionNode = FALSE
	EndGlobalSection
	GlobalSection(ExtensibilityGlobals) = postSolution
		SolutionGuid = {C8DB94DD-5C08-46A5-940E-6EEC7825C52A}
	EndGlobalSection
EndGlobal
